
Microsoft Visual Studio Solution File, Format Version 12.00
# Visual Studio 15
VisualStudioVersion = 15.0.27130.2010
MinimumVisualStudioVersion = 10.0.40219.1
Project("{FAE04EC0-301F-11D3-BF4B-00C04F79EFBC}") = "DigitalClaim.Datos", "DigitalClaim.Datos\DigitalClaim.Datos.csproj", "{A0F6B645-9C17-4843-A56D-39587911D022}"
EndProject
Project("{FAE04EC0-301F-11D3-BF4B-00C04F79EFBC}") = "DigitalClaim.Negocio", "DigitalClaim.Negocio\DigitalClaim.Negocio.csproj", "{6C965C51-B3A4-408A-8943-AA71344EBB56}"
EndProject
Project("{FAE04EC0-301F-11D3-BF4B-00C04F79EFBC}") = "DigitalClaim.WebApi", "DigitalClaim.WebApi\DigitalClaim.WebApi.csproj", "{3B68D3C5-7FA3-491B-840F-288EAD5B9A46}"
EndProject
Global
	GlobalSection(SolutionConfigurationPlatforms) = preSolution
		Debug|Any CPU = Debug|Any CPU
		Release|Any CPU = Release|Any CPU
	EndGlobalSection
	GlobalSection(ProjectConfigurationPlatforms) = postSolution
		{A0F6B645-9C17-4843-A56D-39587911D022}.Debug|Any CPU.ActiveCfg = Debug|Any CPU
		{A0F6B645-9C17-4843-A56D-39587911D022}.Debug|Any CPU.Build.0 = Debug|Any CPU
		{A0F6B645-9C17-4843-A56D-39587911D022}.Release|Any CPU.ActiveCfg = Release|Any CPU
		{A0F6B645-9C17-4843-A56D-39587911D022}.Release|Any CPU.Build.0 = Release|Any CPU
		{6C965C51-B3A4-408A-8943-AA71344EBB56}.Debug|Any CPU.ActiveCfg = Debug|Any CPU
		{6C965C51-B3A4-408A-8943-AA71344EBB56}.Debug|Any CPU.Build.0 = Debug|Any CPU
		{6C965C51-B3A4-408A-8943-AA71344EBB56}.Release|Any CPU.ActiveCfg = Release|Any CPU
		{6C965C51-B3A4-408A-8943-AA71344EBB56}.Release|Any CPU.Build.0 = Release|Any CPU
		{3B68D3C5-7FA3-491B-840F-288EAD5B9A46}.Debug|Any CPU.ActiveCfg = Debug|Any CPU
		{3B68D3C5-7FA3-491B-840F-288EAD5B9A46}.Debug|Any CPU.Build.0 = Debug|Any CPU
		{3B68D3C5-7FA3-491B-840F-288EAD5B9A46}.Release|Any CPU.ActiveCfg = Release|Any CPU
		{3B68D3C5-7FA3-491B-840F-288EAD5B9A46}.Release|Any CPU.Build.0 = Release|Any CPU
	EndGlobalSection
	GlobalSection(SolutionProperties) = preSolution
		HideSolutionNode = FALSE
	EndGlobalSection
	GlobalSection(ExtensibilityGlobals) = postSolution
		SolutionGuid = {4262BE11-5242-45ED-9BFF-17D59324783A}
	EndGlobalSection
EndGlobal
